// !$*UTF8*$!
{
	archiveVersion = 1;
	classes = {
	};
	objectVersion = 60;
	objects = {

/* Begin PBXBuildFile section */
		2D63B0422BD3A96C0024A3A1 /* CustomMTKView.swift in Sources */ = {isa = PBXBuildFile; fileRef = 2D63B0412BD3A96C0024A3A1 /* CustomMTKView.swift */; };
		2D6AD3212BD20CE7007191CB /* DateFormatter.swift in Sources */ = {isa = PBXBuildFile; fileRef = 2D6AD31F2BD20CE7007191CB /* DateFormatter.swift */; };
		2D6AD3242BD20D01007191CB /* Config.swift in Sources */ = {isa = PBXBuildFile; fileRef = 2D6AD3222BD20D01007191CB /* Config.swift */; };
		2D6AD3432BD20D09007191CB /* ExploreFilePickerView.swift in Sources */ = {isa = PBXBuildFile; fileRef = 2D6AD3252BD20D09007191CB /* ExploreFilePickerView.swift */; };
		2D6AD3442BD20D09007191CB /* ExploreFileUploaderFormView.swift in Sources */ = {isa = PBXBuildFile; fileRef = 2D6AD3262BD20D09007191CB /* ExploreFileUploaderFormView.swift */; };
		2D6AD3452BD20D09007191CB /* ExploreItemView.swift in Sources */ = {isa = PBXBuildFile; fileRef = 2D6AD3272BD20D09007191CB /* ExploreItemView.swift */; };
		2D6AD3462BD20D09007191CB /* ExploreView.swift in Sources */ = {isa = PBXBuildFile; fileRef = 2D6AD3282BD20D09007191CB /* ExploreView.swift */; };
		2D6AD3482BD20D09007191CB /* ExploreFileUploaderViewModel.swift in Sources */ = {isa = PBXBuildFile; fileRef = 2D6AD32B2BD20D09007191CB /* ExploreFileUploaderViewModel.swift */; };
		2D6AD3492BD20D09007191CB /* ExploreItemViewModel.swift in Sources */ = {isa = PBXBuildFile; fileRef = 2D6AD32C2BD20D09007191CB /* ExploreItemViewModel.swift */; };
		2D6AD34A2BD20D09007191CB /* ExploreViewModel.swift in Sources */ = {isa = PBXBuildFile; fileRef = 2D6AD32D2BD20D09007191CB /* ExploreViewModel.swift */; };
		2D6AD34B2BD20D09007191CB /* User.swift in Sources */ = {isa = PBXBuildFile; fileRef = 2D6AD3302BD20D09007191CB /* User.swift */; };
		2D6AD34C2BD20D09007191CB /* AuthAction.swift in Sources */ = {isa = PBXBuildFile; fileRef = 2D6AD3322BD20D09007191CB /* AuthAction.swift */; };
		2D6AD34D2BD20D09007191CB /* LoginScreen.swift in Sources */ = {isa = PBXBuildFile; fileRef = 2D6AD3342BD20D09007191CB /* LoginScreen.swift */; };
		2D6AD34E2BD20D09007191CB /* LoginViewModel.swift in Sources */ = {isa = PBXBuildFile; fileRef = 2D6AD3362BD20D09007191CB /* LoginViewModel.swift */; };
		2D6AD34F2BD20D09007191CB /* ProfileView.swift in Sources */ = {isa = PBXBuildFile; fileRef = 2D6AD3392BD20D09007191CB /* ProfileView.swift */; };
		2D6AD3502BD20D09007191CB /* ProfileViewModel.swift in Sources */ = {isa = PBXBuildFile; fileRef = 2D6AD33B2BD20D09007191CB /* ProfileViewModel.swift */; };
		2D6AD3512BD20D09007191CB /* RegisterViewModel.swift in Sources */ = {isa = PBXBuildFile; fileRef = 2D6AD33E2BD20D09007191CB /* RegisterViewModel.swift */; };
		2D6AD3522BD20D09007191CB /* RegisterView.swift in Sources */ = {isa = PBXBuildFile; fileRef = 2D6AD3402BD20D09007191CB /* RegisterView.swift */; };
		2D6AD3562BD20D14007191CB /* SGInputSelectField.swift in Sources */ = {isa = PBXBuildFile; fileRef = 2D6AD3532BD20D14007191CB /* SGInputSelectField.swift */; };
		2D6AD3572BD20D14007191CB /* SGInputTextField.swift in Sources */ = {isa = PBXBuildFile; fileRef = 2D6AD3542BD20D14007191CB /* SGInputTextField.swift */; };
		2D6AD35A2BD20D54007191CB /* GoogleSignIn in Frameworks */ = {isa = PBXBuildFile; productRef = 2D6AD3592BD20D54007191CB /* GoogleSignIn */; };
		2D6AD35C2BD20D54007191CB /* GoogleSignInSwift in Frameworks */ = {isa = PBXBuildFile; productRef = 2D6AD35B2BD20D54007191CB /* GoogleSignInSwift */; };
		2D6AD35E2BD20DC9007191CB /* MainView.swift in Sources */ = {isa = PBXBuildFile; fileRef = 2D6AD35D2BD20DC9007191CB /* MainView.swift */; };
		2DCEDC652BEE2A2F006845F7 /* Renderer.swift in Sources */ = {isa = PBXBuildFile; fileRef = 2DCEDC592BEE2A2E006845F7 /* Renderer.swift */; };
		2DCEDC662BEE2A2F006845F7 /* Shaders.metal in Sources */ = {isa = PBXBuildFile; fileRef = 2DCEDC5A2BEE2A2E006845F7 /* Shaders.metal */; };
		2DCEDC682BEE2A2F006845F7 /* ViewController.swift in Sources */ = {isa = PBXBuildFile; fileRef = 2DCEDC5C2BEE2A2E006845F7 /* ViewController.swift */; };
		2DCEDC6A2BEE2A2F006845F7 /* Utils.swift in Sources */ = {isa = PBXBuildFile; fileRef = 2DCEDC5F2BEE2A2E006845F7 /* Utils.swift */; };
		2DCEDC6D2BEE2A2F006845F7 /* Helpers.swift in Sources */ = {isa = PBXBuildFile; fileRef = 2DCEDC622BEE2A2E006845F7 /* Helpers.swift */; };
		2DCEDC6F2BEE2A2F006845F7 /* MetalBuffer.swift in Sources */ = {isa = PBXBuildFile; fileRef = 2DCEDC642BEE2A2E006845F7 /* MetalBuffer.swift */; };
		2DCEDC722BEE383E006845F7 /* ScannerWrapper.swift in Sources */ = {isa = PBXBuildFile; fileRef = 2DCEDC712BEE383E006845F7 /* ScannerWrapper.swift */; };
		2DCEDC742BEE6FA6006845F7 /* SampleCode.xcconfig in Resources */ = {isa = PBXBuildFile; fileRef = 2DCEDC732BEE6FA6006845F7 /* SampleCode.xcconfig */; };
		2DCEDC762BEE6FB7006845F7 /* LICENSE.txt in Resources */ = {isa = PBXBuildFile; fileRef = 2DCEDC752BEE6FB7006845F7 /* LICENSE.txt */; };
		2DFCEF482BEFAA7B00930430 /* ExploreUtils.swift in Sources */ = {isa = PBXBuildFile; fileRef = 2DFCEF472BEFAA7B00930430 /* ExploreUtils.swift */; };
		610347D92B46864500693CE3 /* SampleApp.swift in Sources */ = {isa = PBXBuildFile; fileRef = 61791DF62B41551F00302B57 /* SampleApp.swift */; };
		61791DCF2B41544300302B57 /* Assets.xcassets in Sources */ = {isa = PBXBuildFile; fileRef = 61791DC32B41514300302B57 /* Assets.xcassets */; };
		61791DE02B4154FB00302B57 /* SplatRenderer+ModelRenderer.swift in Sources */ = {isa = PBXBuildFile; fileRef = 61791DDA2B4154FB00302B57 /* SplatRenderer+ModelRenderer.swift */; };
		61791DE22B4154FB00302B57 /* ModelIdentifier.swift in Sources */ = {isa = PBXBuildFile; fileRef = 61791DDB2B4154FB00302B57 /* ModelIdentifier.swift */; };
		61791DE42B4154FB00302B57 /* SampleBoxRenderer+ModelRenderer.swift in Sources */ = {isa = PBXBuildFile; fileRef = 61791DDC2B4154FB00302B57 /* SampleBoxRenderer+ModelRenderer.swift */; };
		61791DE82B4154FB00302B57 /* ModelRenderer.swift in Sources */ = {isa = PBXBuildFile; fileRef = 61791DDE2B4154FB00302B57 /* ModelRenderer.swift */; };
		61791DEA2B4154FB00302B57 /* MatrixMathUtil.swift in Sources */ = {isa = PBXBuildFile; fileRef = 61791DDF2B4154FB00302B57 /* MatrixMathUtil.swift */; };
		61791E002B415D3F00302B57 /* MetalSplatter in Frameworks */ = {isa = PBXBuildFile; productRef = 61791DFF2B415D3F00302B57 /* MetalSplatter */; };
		61791E022B415D3F00302B57 /* SampleBoxRenderer in Frameworks */ = {isa = PBXBuildFile; productRef = 61791E012B415D3F00302B57 /* SampleBoxRenderer */; };
		61791E102B41688000302B57 /* MetalKitSceneRenderer.swift in Sources */ = {isa = PBXBuildFile; fileRef = 61791E0E2B41685800302B57 /* MetalKitSceneRenderer.swift */; };
		61791E132B416DD700302B57 /* Constants.swift in Sources */ = {isa = PBXBuildFile; fileRef = 61791E112B416DCF00302B57 /* Constants.swift */; };
		61791E162B42297B00302B57 /* MetalKitSceneView.swift in Sources */ = {isa = PBXBuildFile; fileRef = 61791E142B42294700302B57 /* MetalKitSceneView.swift */; };
		617E50C92B314C4800F99766 /* PLYIO in Frameworks */ = {isa = PBXBuildFile; productRef = 617E50C82B314C4800F99766 /* PLYIO */; };
		617E50CB2B314C4800F99766 /* SplatIO in Frameworks */ = {isa = PBXBuildFile; productRef = 617E50CA2B314C4800F99766 /* SplatIO */; };
/* End PBXBuildFile section */

/* Begin PBXFileReference section */
		2D63B0412BD3A96C0024A3A1 /* CustomMTKView.swift */ = {isa = PBXFileReference; lastKnownFileType = sourcecode.swift; path = CustomMTKView.swift; sourceTree = "<group>"; };
		2D6AD31F2BD20CE7007191CB /* DateFormatter.swift */ = {isa = PBXFileReference; fileEncoding = 4; lastKnownFileType = sourcecode.swift; path = DateFormatter.swift; sourceTree = "<group>"; };
		2D6AD3222BD20D01007191CB /* Config.swift */ = {isa = PBXFileReference; fileEncoding = 4; lastKnownFileType = sourcecode.swift; path = Config.swift; sourceTree = "<group>"; };
		2D6AD3252BD20D09007191CB /* ExploreFilePickerView.swift */ = {isa = PBXFileReference; fileEncoding = 4; lastKnownFileType = sourcecode.swift; path = ExploreFilePickerView.swift; sourceTree = "<group>"; };
		2D6AD3262BD20D09007191CB /* ExploreFileUploaderFormView.swift */ = {isa = PBXFileReference; fileEncoding = 4; lastKnownFileType = sourcecode.swift; path = ExploreFileUploaderFormView.swift; sourceTree = "<group>"; };
		2D6AD3272BD20D09007191CB /* ExploreItemView.swift */ = {isa = PBXFileReference; fileEncoding = 4; lastKnownFileType = sourcecode.swift; path = ExploreItemView.swift; sourceTree = "<group>"; };
		2D6AD3282BD20D09007191CB /* ExploreView.swift */ = {isa = PBXFileReference; fileEncoding = 4; lastKnownFileType = sourcecode.swift; path = ExploreView.swift; sourceTree = "<group>"; };
		2D6AD32B2BD20D09007191CB /* ExploreFileUploaderViewModel.swift */ = {isa = PBXFileReference; fileEncoding = 4; lastKnownFileType = sourcecode.swift; path = ExploreFileUploaderViewModel.swift; sourceTree = "<group>"; };
		2D6AD32C2BD20D09007191CB /* ExploreItemViewModel.swift */ = {isa = PBXFileReference; fileEncoding = 4; lastKnownFileType = sourcecode.swift; path = ExploreItemViewModel.swift; sourceTree = "<group>"; };
		2D6AD32D2BD20D09007191CB /* ExploreViewModel.swift */ = {isa = PBXFileReference; fileEncoding = 4; lastKnownFileType = sourcecode.swift; path = ExploreViewModel.swift; sourceTree = "<group>"; };
		2D6AD3302BD20D09007191CB /* User.swift */ = {isa = PBXFileReference; fileEncoding = 4; lastKnownFileType = sourcecode.swift; path = User.swift; sourceTree = "<group>"; };
		2D6AD3322BD20D09007191CB /* AuthAction.swift */ = {isa = PBXFileReference; fileEncoding = 4; lastKnownFileType = sourcecode.swift; path = AuthAction.swift; sourceTree = "<group>"; };
		2D6AD3342BD20D09007191CB /* LoginScreen.swift */ = {isa = PBXFileReference; fileEncoding = 4; lastKnownFileType = sourcecode.swift; path = LoginScreen.swift; sourceTree = "<group>"; };
		2D6AD3362BD20D09007191CB /* LoginViewModel.swift */ = {isa = PBXFileReference; fileEncoding = 4; lastKnownFileType = sourcecode.swift; path = LoginViewModel.swift; sourceTree = "<group>"; };
		2D6AD3392BD20D09007191CB /* ProfileView.swift */ = {isa = PBXFileReference; fileEncoding = 4; lastKnownFileType = sourcecode.swift; path = ProfileView.swift; sourceTree = "<group>"; };
		2D6AD33B2BD20D09007191CB /* ProfileViewModel.swift */ = {isa = PBXFileReference; fileEncoding = 4; lastKnownFileType = sourcecode.swift; path = ProfileViewModel.swift; sourceTree = "<group>"; };
		2D6AD33E2BD20D09007191CB /* RegisterViewModel.swift */ = {isa = PBXFileReference; fileEncoding = 4; lastKnownFileType = sourcecode.swift; path = RegisterViewModel.swift; sourceTree = "<group>"; };
		2D6AD3402BD20D09007191CB /* RegisterView.swift */ = {isa = PBXFileReference; fileEncoding = 4; lastKnownFileType = sourcecode.swift; path = RegisterView.swift; sourceTree = "<group>"; };
		2D6AD3532BD20D14007191CB /* SGInputSelectField.swift */ = {isa = PBXFileReference; fileEncoding = 4; lastKnownFileType = sourcecode.swift; path = SGInputSelectField.swift; sourceTree = "<group>"; };
		2D6AD3542BD20D14007191CB /* SGInputTextField.swift */ = {isa = PBXFileReference; fileEncoding = 4; lastKnownFileType = sourcecode.swift; path = SGInputTextField.swift; sourceTree = "<group>"; };
		2D6AD35D2BD20DC9007191CB /* MainView.swift */ = {isa = PBXFileReference; lastKnownFileType = sourcecode.swift; path = MainView.swift; sourceTree = "<group>"; };
		2DCEDC582BEE2A2D006845F7 /* SceneDepthPointCloud-Bridging-Header.h */ = {isa = PBXFileReference; fileEncoding = 4; lastKnownFileType = sourcecode.c.h; path = "SceneDepthPointCloud-Bridging-Header.h"; sourceTree = "<group>"; };
		2DCEDC592BEE2A2E006845F7 /* Renderer.swift */ = {isa = PBXFileReference; fileEncoding = 4; lastKnownFileType = sourcecode.swift; path = Renderer.swift; sourceTree = "<group>"; };
		2DCEDC5A2BEE2A2E006845F7 /* Shaders.metal */ = {isa = PBXFileReference; fileEncoding = 4; lastKnownFileType = sourcecode.metal; path = Shaders.metal; sourceTree = "<group>"; };
		2DCEDC5C2BEE2A2E006845F7 /* ViewController.swift */ = {isa = PBXFileReference; fileEncoding = 4; lastKnownFileType = sourcecode.swift; path = ViewController.swift; sourceTree = "<group>"; };
		2DCEDC5D2BEE2A2E006845F7 /* ShaderTypes.h */ = {isa = PBXFileReference; fileEncoding = 4; lastKnownFileType = sourcecode.c.h; path = ShaderTypes.h; sourceTree = "<group>"; };
		2DCEDC5F2BEE2A2E006845F7 /* Utils.swift */ = {isa = PBXFileReference; fileEncoding = 4; lastKnownFileType = sourcecode.swift; path = Utils.swift; sourceTree = "<group>"; };
		2DCEDC622BEE2A2E006845F7 /* Helpers.swift */ = {isa = PBXFileReference; fileEncoding = 4; lastKnownFileType = sourcecode.swift; path = Helpers.swift; sourceTree = "<group>"; };
		2DCEDC642BEE2A2E006845F7 /* MetalBuffer.swift */ = {isa = PBXFileReference; fileEncoding = 4; lastKnownFileType = sourcecode.swift; path = MetalBuffer.swift; sourceTree = "<group>"; };
		2DCEDC712BEE383E006845F7 /* ScannerWrapper.swift */ = {isa = PBXFileReference; lastKnownFileType = sourcecode.swift; path = ScannerWrapper.swift; sourceTree = "<group>"; };
		2DCEDC732BEE6FA6006845F7 /* SampleCode.xcconfig */ = {isa = PBXFileReference; fileEncoding = 4; lastKnownFileType = text.xcconfig; path = SampleCode.xcconfig; sourceTree = "<group>"; };
		2DCEDC752BEE6FB7006845F7 /* LICENSE.txt */ = {isa = PBXFileReference; fileEncoding = 4; lastKnownFileType = text; path = LICENSE.txt; sourceTree = "<group>"; };
		2DFCEF472BEFAA7B00930430 /* ExploreUtils.swift */ = {isa = PBXFileReference; lastKnownFileType = sourcecode.swift; path = ExploreUtils.swift; sourceTree = "<group>"; };
		61791DC32B41514300302B57 /* Assets.xcassets */ = {isa = PBXFileReference; lastKnownFileType = folder.assetcatalog; path = Assets.xcassets; sourceTree = "<group>"; };
		61791DDA2B4154FB00302B57 /* SplatRenderer+ModelRenderer.swift */ = {isa = PBXFileReference; fileEncoding = 4; lastKnownFileType = sourcecode.swift; path = "SplatRenderer+ModelRenderer.swift"; sourceTree = "<group>"; };
		61791DDB2B4154FB00302B57 /* ModelIdentifier.swift */ = {isa = PBXFileReference; fileEncoding = 4; lastKnownFileType = sourcecode.swift; path = ModelIdentifier.swift; sourceTree = "<group>"; };
		61791DDC2B4154FB00302B57 /* SampleBoxRenderer+ModelRenderer.swift */ = {isa = PBXFileReference; fileEncoding = 4; lastKnownFileType = sourcecode.swift; path = "SampleBoxRenderer+ModelRenderer.swift"; sourceTree = "<group>"; };
		61791DDE2B4154FB00302B57 /* ModelRenderer.swift */ = {isa = PBXFileReference; fileEncoding = 4; lastKnownFileType = sourcecode.swift; path = ModelRenderer.swift; sourceTree = "<group>"; };
		61791DDF2B4154FB00302B57 /* MatrixMathUtil.swift */ = {isa = PBXFileReference; fileEncoding = 4; lastKnownFileType = sourcecode.swift; path = MatrixMathUtil.swift; sourceTree = "<group>"; };
		61791DF62B41551F00302B57 /* SampleApp.swift */ = {isa = PBXFileReference; fileEncoding = 4; lastKnownFileType = sourcecode.swift; path = SampleApp.swift; sourceTree = "<group>"; };
		61791DF82B41551F00302B57 /* Info.plist */ = {isa = PBXFileReference; fileEncoding = 4; lastKnownFileType = text.plist.xml; path = Info.plist; sourceTree = "<group>"; };
		61791E0E2B41685800302B57 /* MetalKitSceneRenderer.swift */ = {isa = PBXFileReference; fileEncoding = 4; lastKnownFileType = sourcecode.swift; path = MetalKitSceneRenderer.swift; sourceTree = "<group>"; };
		61791E112B416DCF00302B57 /* Constants.swift */ = {isa = PBXFileReference; lastKnownFileType = sourcecode.swift; path = Constants.swift; sourceTree = "<group>"; };
		61791E142B42294700302B57 /* MetalKitSceneView.swift */ = {isa = PBXFileReference; fileEncoding = 4; lastKnownFileType = sourcecode.swift; path = MetalKitSceneView.swift; sourceTree = "<group>"; };
		617E50B02B314BE200F99766 /* Segment3d App.app */ = {isa = PBXFileReference; explicitFileType = wrapper.application; includeInIndex = 0; path = "Segment3d App.app"; sourceTree = BUILT_PRODUCTS_DIR; };
/* End PBXFileReference section */

/* Begin PBXFrameworksBuildPhase section */
		617E50AD2B314BE200F99766 /* Frameworks */ = {
			isa = PBXFrameworksBuildPhase;
			buildActionMask = 2147483647;
			files = (
				2D6AD35A2BD20D54007191CB /* GoogleSignIn in Frameworks */,
				617E50CB2B314C4800F99766 /* SplatIO in Frameworks */,
				617E50C92B314C4800F99766 /* PLYIO in Frameworks */,
				2D6AD35C2BD20D54007191CB /* GoogleSignInSwift in Frameworks */,
				61791E002B415D3F00302B57 /* MetalSplatter in Frameworks */,
				61791E022B415D3F00302B57 /* SampleBoxRenderer in Frameworks */,
			);
			runOnlyForDeploymentPostprocessing = 0;
		};
/* End PBXFrameworksBuildPhase section */

/* Begin PBXGroup section */
		2D6AD3232BD20D01007191CB /* Config */ = {
			isa = PBXGroup;
			children = (
				2D6AD3222BD20D01007191CB /* Config.swift */,
			);
			path = Config;
			sourceTree = "<group>";
		};
		2D6AD32A2BD20D09007191CB /* View */ = {
			isa = PBXGroup;
			children = (
				2D6AD3252BD20D09007191CB /* ExploreFilePickerView.swift */,
				2D6AD3262BD20D09007191CB /* ExploreFileUploaderFormView.swift */,
				2D6AD3272BD20D09007191CB /* ExploreItemView.swift */,
				2DFCEF472BEFAA7B00930430 /* ExploreUtils.swift */,
				2D6AD3282BD20D09007191CB /* ExploreView.swift */,
			);
			path = View;
			sourceTree = "<group>";
		};
		2D6AD32E2BD20D09007191CB /* ViewModel */ = {
			isa = PBXGroup;
			children = (
				2D6AD32B2BD20D09007191CB /* ExploreFileUploaderViewModel.swift */,
				2D6AD32C2BD20D09007191CB /* ExploreItemViewModel.swift */,
				2D6AD32D2BD20D09007191CB /* ExploreViewModel.swift */,
			);
			path = ViewModel;
			sourceTree = "<group>";
		};
		2D6AD32F2BD20D09007191CB /* Explore */ = {
			isa = PBXGroup;
			children = (
				2D6AD32A2BD20D09007191CB /* View */,
				2D6AD32E2BD20D09007191CB /* ViewModel */,
			);
			path = Explore;
			sourceTree = "<group>";
		};
		2D6AD3312BD20D09007191CB /* Model */ = {
			isa = PBXGroup;
			children = (
				2D6AD3302BD20D09007191CB /* User.swift */,
			);
			path = Model;
			sourceTree = "<group>";
		};
		2D6AD3332BD20D09007191CB /* Service */ = {
			isa = PBXGroup;
			children = (
				2D6AD3322BD20D09007191CB /* AuthAction.swift */,
			);
			path = Service;
			sourceTree = "<group>";
		};
		2D6AD3352BD20D09007191CB /* View */ = {
			isa = PBXGroup;
			children = (
				2D6AD3342BD20D09007191CB /* LoginScreen.swift */,
			);
			path = View;
			sourceTree = "<group>";
		};
		2D6AD3372BD20D09007191CB /* ViewModel */ = {
			isa = PBXGroup;
			children = (
				2D6AD3362BD20D09007191CB /* LoginViewModel.swift */,
			);
			path = ViewModel;
			sourceTree = "<group>";
		};
		2D6AD3382BD20D09007191CB /* Login */ = {
			isa = PBXGroup;
			children = (
				2D6AD3312BD20D09007191CB /* Model */,
				2D6AD3332BD20D09007191CB /* Service */,
				2D6AD3352BD20D09007191CB /* View */,
				2D6AD3372BD20D09007191CB /* ViewModel */,
			);
			path = Login;
			sourceTree = "<group>";
		};
		2D6AD33A2BD20D09007191CB /* View */ = {
			isa = PBXGroup;
			children = (
				2D6AD3392BD20D09007191CB /* ProfileView.swift */,
			);
			path = View;
			sourceTree = "<group>";
		};
		2D6AD33C2BD20D09007191CB /* ViewModel */ = {
			isa = PBXGroup;
			children = (
				2D6AD33B2BD20D09007191CB /* ProfileViewModel.swift */,
			);
			path = ViewModel;
			sourceTree = "<group>";
		};
		2D6AD33D2BD20D09007191CB /* Profile */ = {
			isa = PBXGroup;
			children = (
				2D6AD33A2BD20D09007191CB /* View */,
				2D6AD33C2BD20D09007191CB /* ViewModel */,
			);
			path = Profile;
			sourceTree = "<group>";
		};
		2D6AD33F2BD20D09007191CB /* ViewModel */ = {
			isa = PBXGroup;
			children = (
				2D6AD33E2BD20D09007191CB /* RegisterViewModel.swift */,
			);
			path = ViewModel;
			sourceTree = "<group>";
		};
		2D6AD3412BD20D09007191CB /* Register */ = {
			isa = PBXGroup;
			children = (
				2D6AD33F2BD20D09007191CB /* ViewModel */,
				2D6AD3402BD20D09007191CB /* RegisterView.swift */,
			);
			path = Register;
			sourceTree = "<group>";
		};
		2D6AD3422BD20D09007191CB /* Modules */ = {
			isa = PBXGroup;
			children = (
				2D6AD32F2BD20D09007191CB /* Explore */,
				2DCEDC472BED8352006845F7 /* Scanner */,
				2DCEDC462BED8339006845F7 /* Renderer */,
				2D6AD33D2BD20D09007191CB /* Profile */,
				2D6AD3382BD20D09007191CB /* Login */,
				2D6AD3412BD20D09007191CB /* Register */,
				2D6AD35D2BD20DC9007191CB /* MainView.swift */,
			);
			path = Modules;
			sourceTree = "<group>";
		};
		2D6AD3552BD20D14007191CB /* Components */ = {
			isa = PBXGroup;
			children = (
				2D6AD3532BD20D14007191CB /* SGInputSelectField.swift */,
				2D6AD3542BD20D14007191CB /* SGInputTextField.swift */,
			);
			path = Components;
			sourceTree = "<group>";
		};
		2DCEDC462BED8339006845F7 /* Renderer */ = {
			isa = PBXGroup;
			children = (
				610347E02B468A0000693CE3 /* SplatRenderer */,
			);
			path = Renderer;
			sourceTree = "<group>";
		};
		2DCEDC472BED8352006845F7 /* Scanner */ = {
			isa = PBXGroup;
			children = (
				2DCEDC622BEE2A2E006845F7 /* Helpers.swift */,
				2DCEDC642BEE2A2E006845F7 /* MetalBuffer.swift */,
				2DCEDC592BEE2A2E006845F7 /* Renderer.swift */,
				2DCEDC582BEE2A2D006845F7 /* SceneDepthPointCloud-Bridging-Header.h */,
				2DCEDC5A2BEE2A2E006845F7 /* Shaders.metal */,
				2DCEDC5D2BEE2A2E006845F7 /* ShaderTypes.h */,
				2DCEDC5F2BEE2A2E006845F7 /* Utils.swift */,
				2DCEDC5C2BEE2A2E006845F7 /* ViewController.swift */,
				2DCEDC712BEE383E006845F7 /* ScannerWrapper.swift */,
				2DCEDC732BEE6FA6006845F7 /* SampleCode.xcconfig */,
				2DCEDC752BEE6FB7006845F7 /* LICENSE.txt */,
			);
			path = Scanner;
			sourceTree = "<group>";
		};
		610347DF2B4689DB00693CE3 /* Model */ = {
			isa = PBXGroup;
			children = (
				61791DDB2B4154FB00302B57 /* ModelIdentifier.swift */,
				61791DDE2B4154FB00302B57 /* ModelRenderer.swift */,
				61791DDC2B4154FB00302B57 /* SampleBoxRenderer+ModelRenderer.swift */,
				61791DDA2B4154FB00302B57 /* SplatRenderer+ModelRenderer.swift */,
			);
			path = Model;
			sourceTree = "<group>";
		};
		610347E02B468A0000693CE3 /* SplatRenderer */ = {
			isa = PBXGroup;
			children = (
				61791E0E2B41685800302B57 /* MetalKitSceneRenderer.swift */,
				61791E142B42294700302B57 /* MetalKitSceneView.swift */,
				2D63B0412BD3A96C0024A3A1 /* CustomMTKView.swift */,
				61791DDF2B4154FB00302B57 /* MatrixMathUtil.swift */,
				2D6AD31F2BD20CE7007191CB /* DateFormatter.swift */,
			);
			path = SplatRenderer;
			sourceTree = "<group>";
		};
		610347E22B468A1100693CE3 /* App */ = {
			isa = PBXGroup;
			children = (
				61791E112B416DCF00302B57 /* Constants.swift */,
				61791DF62B41551F00302B57 /* SampleApp.swift */,
			);
			path = App;
			sourceTree = "<group>";
		};
		61E3FD792AE5CB0200032652 = {
			isa = PBXGroup;
			children = (
				610347E22B468A1100693CE3 /* App */,
				2D6AD3232BD20D01007191CB /* Config */,
				2D6AD3552BD20D14007191CB /* Components */,
				2D6AD3422BD20D09007191CB /* Modules */,
				610347DF2B4689DB00693CE3 /* Model */,
				61E3FD832AE5CB0200032652 /* Products */,
				61791DF82B41551F00302B57 /* Info.plist */,
				61791DC32B41514300302B57 /* Assets.xcassets */,
			);
			sourceTree = "<group>";
		};
		61E3FD832AE5CB0200032652 /* Products */ = {
			isa = PBXGroup;
			children = (
				617E50B02B314BE200F99766 /* Segment3d App.app */,
			);
			name = Products;
			sourceTree = "<group>";
		};
/* End PBXGroup section */

/* Begin PBXNativeTarget section */
		617E50AF2B314BE200F99766 /* MetalSplatter SampleApp */ = {
			isa = PBXNativeTarget;
			buildConfigurationList = 617E50C12B314BE300F99766 /* Build configuration list for PBXNativeTarget "MetalSplatter SampleApp" */;
			buildPhases = (
				617E50AC2B314BE200F99766 /* Sources */,
				617E50AD2B314BE200F99766 /* Frameworks */,
				617E50AE2B314BE200F99766 /* Resources */,
			);
			buildRules = (
			);
			dependencies = (
			);
			name = "MetalSplatter SampleApp";
			packageProductDependencies = (
				617E50C82B314C4800F99766 /* PLYIO */,
				617E50CA2B314C4800F99766 /* SplatIO */,
				61791DFF2B415D3F00302B57 /* MetalSplatter */,
				61791E012B415D3F00302B57 /* SampleBoxRenderer */,
				2D6AD3592BD20D54007191CB /* GoogleSignIn */,
				2D6AD35B2BD20D54007191CB /* GoogleSignInSwift */,
			);
			productName = "MetalSplatter SampleApp";
			productReference = 617E50B02B314BE200F99766 /* Segment3d App.app */;
			productType = "com.apple.product-type.application";
		};
/* End PBXNativeTarget section */

/* Begin PBXProject section */
		61E3FD7A2AE5CB0200032652 /* Project object */ = {
			isa = PBXProject;
			attributes = {
				BuildIndependentTargetsInParallel = 1;
				LastSwiftUpdateCheck = 1520;
				LastUpgradeCheck = 1510;
				TargetAttributes = {
					617E50AF2B314BE200F99766 = {
						CreatedOnToolsVersion = 15.2;
					};
				};
			};
			buildConfigurationList = 61E3FD7D2AE5CB0200032652 /* Build configuration list for PBXProject "MetalSplatter_SampleApp" */;
			compatibilityVersion = "Xcode 14.0";
			developmentRegion = en;
			hasScannedForEncodings = 0;
			knownRegions = (
				en,
				Base,
			);
			mainGroup = 61E3FD792AE5CB0200032652;
			packageReferences = (
				61791DFE2B415D3F00302B57 /* XCLocalSwiftPackageReference ".." */,
				2D6AD3582BD20D54007191CB /* XCRemoteSwiftPackageReference "GoogleSignIn-iOS" */,
			);
			productRefGroup = 61E3FD832AE5CB0200032652 /* Products */;
			projectDirPath = "";
			projectRoot = "";
			targets = (
				617E50AF2B314BE200F99766 /* MetalSplatter SampleApp */,
			);
		};
/* End PBXProject section */

/* Begin PBXResourcesBuildPhase section */
		617E50AE2B314BE200F99766 /* Resources */ = {
			isa = PBXResourcesBuildPhase;
			buildActionMask = 2147483647;
			files = (
				2DCEDC762BEE6FB7006845F7 /* LICENSE.txt in Resources */,
				2DCEDC742BEE6FA6006845F7 /* SampleCode.xcconfig in Resources */,
			);
			runOnlyForDeploymentPostprocessing = 0;
		};
/* End PBXResourcesBuildPhase section */

/* Begin PBXSourcesBuildPhase section */
		617E50AC2B314BE200F99766 /* Sources */ = {
			isa = PBXSourcesBuildPhase;
			buildActionMask = 2147483647;
			files = (
				2DCEDC652BEE2A2F006845F7 /* Renderer.swift in Sources */,
				2D6AD3562BD20D14007191CB /* SGInputSelectField.swift in Sources */,
				2D6AD3512BD20D09007191CB /* RegisterViewModel.swift in Sources */,
				2D6AD3522BD20D09007191CB /* RegisterView.swift in Sources */,
				2D6AD3492BD20D09007191CB /* ExploreItemViewModel.swift in Sources */,
				2DFCEF482BEFAA7B00930430 /* ExploreUtils.swift in Sources */,
				2D6AD3502BD20D09007191CB /* ProfileViewModel.swift in Sources */,
				61791DE22B4154FB00302B57 /* ModelIdentifier.swift in Sources */,
				2D6AD34C2BD20D09007191CB /* AuthAction.swift in Sources */,
				2D6AD3242BD20D01007191CB /* Config.swift in Sources */,
				2DCEDC722BEE383E006845F7 /* ScannerWrapper.swift in Sources */,
				61791DE42B4154FB00302B57 /* SampleBoxRenderer+ModelRenderer.swift in Sources */,
				2D6AD35E2BD20DC9007191CB /* MainView.swift in Sources */,
				2DCEDC6A2BEE2A2F006845F7 /* Utils.swift in Sources */,
				61791DEA2B4154FB00302B57 /* MatrixMathUtil.swift in Sources */,
				2D63B0422BD3A96C0024A3A1 /* CustomMTKView.swift in Sources */,
				2D6AD34E2BD20D09007191CB /* LoginViewModel.swift in Sources */,
				610347D92B46864500693CE3 /* SampleApp.swift in Sources */,
				61791E102B41688000302B57 /* MetalKitSceneRenderer.swift in Sources */,
				2D6AD34F2BD20D09007191CB /* ProfileView.swift in Sources */,
				61791DE02B4154FB00302B57 /* SplatRenderer+ModelRenderer.swift in Sources */,
				61791DE82B4154FB00302B57 /* ModelRenderer.swift in Sources */,
				2D6AD34D2BD20D09007191CB /* LoginScreen.swift in Sources */,
				61791DCF2B41544300302B57 /* Assets.xcassets in Sources */,
				2D6AD3452BD20D09007191CB /* ExploreItemView.swift in Sources */,
				2D6AD3212BD20CE7007191CB /* DateFormatter.swift in Sources */,
				61791E132B416DD700302B57 /* Constants.swift in Sources */,
				2DCEDC6F2BEE2A2F006845F7 /* MetalBuffer.swift in Sources */,
				2D6AD3482BD20D09007191CB /* ExploreFileUploaderViewModel.swift in Sources */,
				2DCEDC682BEE2A2F006845F7 /* ViewController.swift in Sources */,
				61791E162B42297B00302B57 /* MetalKitSceneView.swift in Sources */,
				2D6AD34A2BD20D09007191CB /* ExploreViewModel.swift in Sources */,
				2D6AD3572BD20D14007191CB /* SGInputTextField.swift in Sources */,
				2DCEDC6D2BEE2A2F006845F7 /* Helpers.swift in Sources */,
				2D6AD3442BD20D09007191CB /* ExploreFileUploaderFormView.swift in Sources */,
				2D6AD34B2BD20D09007191CB /* User.swift in Sources */,
				2DCEDC662BEE2A2F006845F7 /* Shaders.metal in Sources */,
				2D6AD3432BD20D09007191CB /* ExploreFilePickerView.swift in Sources */,
				2D6AD3462BD20D09007191CB /* ExploreView.swift in Sources */,
			);
			runOnlyForDeploymentPostprocessing = 0;
		};
/* End PBXSourcesBuildPhase section */

/* Begin XCBuildConfiguration section */
		617E50C22B314BE300F99766 /* Debug */ = {
			isa = XCBuildConfiguration;
			buildSettings = {
				ASSETCATALOG_COMPILER_GLOBAL_ACCENT_COLOR_NAME = AccentColor;
				CODE_SIGN_STYLE = Automatic;
				CURRENT_PROJECT_VERSION = 1;
				DEVELOPMENT_TEAM = H26F4YMNBF;
				GENERATE_INFOPLIST_FILE = YES;
				INFOPLIST_FILE = Info.plist;
				INFOPLIST_KEY_CFBundleDisplayName = "Segment3d App";
				INFOPLIST_KEY_NSCameraUsageDescription = "The camera is used for augmenting reality.";
				INFOPLIST_KEY_UIApplicationSupportsIndirectInputEvents = YES;
				INFOPLIST_KEY_UILaunchScreen_Generation = YES;
				INFOPLIST_KEY_UIRequiredDeviceCapabilities = "armv7 arkit metal";
				INFOPLIST_KEY_UIRequiresFullScreen = YES;
				INFOPLIST_KEY_UIStatusBarHidden = YES;
				INFOPLIST_KEY_UISupportedInterfaceOrientations = UIInterfaceOrientationPortrait;
				INFOPLIST_KEY_UISupportedInterfaceOrientations_iPad = "UIInterfaceOrientationLandscapeRight UIInterfaceOrientationPortrait";
				IPHONEOS_DEPLOYMENT_TARGET = 17.0;
				LD_RUNPATH_SEARCH_PATHS = (
					"$(inherited)",
					"@executable_path/Frameworks",
				);
				MARKETING_VERSION = 1.0;
				PRODUCT_BUNDLE_IDENTIFIER = com.indramahaarta.metalsplatter;
				PRODUCT_NAME = "Segment3d App";
				SDKROOT = iphoneos;
				SUPPORTED_PLATFORMS = "iphoneos iphonesimulator macosx xros xrsimulator";
				SUPPORTS_MACCATALYST = NO;
				SUPPORTS_MAC_DESIGNED_FOR_IPHONE_IPAD = NO;
				SUPPORTS_XR_DESIGNED_FOR_IPHONE_IPAD = NO;
				SWIFT_EMIT_LOC_STRINGS = YES;
				SWIFT_OBJC_BRIDGING_HEADER = "Modules/Scanner/SceneDepthPointCloud-Bridging-Header.h";
				SWIFT_OPTIMIZATION_LEVEL = "-Onone";
				SWIFT_VERSION = 5.0;
				TARGETED_DEVICE_FAMILY = "1,2,7";
			};
			name = Debug;
		};
		617E50C32B314BE300F99766 /* Release */ = {
			isa = XCBuildConfiguration;
			buildSettings = {
				ASSETCATALOG_COMPILER_GLOBAL_ACCENT_COLOR_NAME = AccentColor;
				CODE_SIGN_STYLE = Automatic;
				CURRENT_PROJECT_VERSION = 1;
				DEVELOPMENT_TEAM = H26F4YMNBF;
				GENERATE_INFOPLIST_FILE = YES;
				INFOPLIST_FILE = Info.plist;
				INFOPLIST_KEY_CFBundleDisplayName = "Segment3d App";
				INFOPLIST_KEY_NSCameraUsageDescription = "The camera is used for augmenting reality.";
				INFOPLIST_KEY_UIApplicationSupportsIndirectInputEvents = YES;
				INFOPLIST_KEY_UILaunchScreen_Generation = YES;
				INFOPLIST_KEY_UIRequiredDeviceCapabilities = "armv7 arkit metal";
				INFOPLIST_KEY_UIRequiresFullScreen = YES;
				INFOPLIST_KEY_UIStatusBarHidden = YES;
				INFOPLIST_KEY_UISupportedInterfaceOrientations = UIInterfaceOrientationPortrait;
				INFOPLIST_KEY_UISupportedInterfaceOrientations_iPad = "UIInterfaceOrientationLandscapeRight UIInterfaceOrientationPortrait";
				IPHONEOS_DEPLOYMENT_TARGET = 17.0;
				LD_RUNPATH_SEARCH_PATHS = (
					"$(inherited)",
					"@executable_path/Frameworks",
				);
				MARKETING_VERSION = 1.0;
				PRODUCT_BUNDLE_IDENTIFIER = com.indramahaarta.metalsplatter;
				PRODUCT_NAME = "Segment3d App";
				SDKROOT = iphoneos;
				SUPPORTED_PLATFORMS = "iphoneos iphonesimulator macosx xros xrsimulator";
				SUPPORTS_MACCATALYST = NO;
				SUPPORTS_MAC_DESIGNED_FOR_IPHONE_IPAD = NO;
				SUPPORTS_XR_DESIGNED_FOR_IPHONE_IPAD = NO;
				SWIFT_EMIT_LOC_STRINGS = YES;
				SWIFT_OBJC_BRIDGING_HEADER = "Modules/Scanner/SceneDepthPointCloud-Bridging-Header.h";
				SWIFT_VERSION = 5.0;
				TARGETED_DEVICE_FAMILY = "1,2,7";
			};
			name = Release;
		};
		61E3FD982AE5CB0300032652 /* Debug */ = {
			isa = XCBuildConfiguration;
			buildSettings = {
				ALWAYS_SEARCH_USER_PATHS = NO;
				ASSETCATALOG_COMPILER_GENERATE_SWIFT_ASSET_SYMBOL_EXTENSIONS = YES;
				CLANG_ANALYZER_NONNULL = YES;
				CLANG_ANALYZER_NUMBER_OBJECT_CONVERSION = YES_AGGRESSIVE;
				CLANG_CXX_LANGUAGE_STANDARD = "gnu++20";
				CLANG_ENABLE_MODULES = YES;
				CLANG_ENABLE_OBJC_ARC = YES;
				CLANG_ENABLE_OBJC_WEAK = YES;
				CLANG_WARN_BLOCK_CAPTURE_AUTORELEASING = YES;
				CLANG_WARN_BOOL_CONVERSION = YES;
				CLANG_WARN_COMMA = YES;
				CLANG_WARN_CONSTANT_CONVERSION = YES;
				CLANG_WARN_DEPRECATED_OBJC_IMPLEMENTATIONS = YES;
				CLANG_WARN_DIRECT_OBJC_ISA_USAGE = YES_ERROR;
				CLANG_WARN_DOCUMENTATION_COMMENTS = YES;
				CLANG_WARN_EMPTY_BODY = YES;
				CLANG_WARN_ENUM_CONVERSION = YES;
				CLANG_WARN_INFINITE_RECURSION = YES;
				CLANG_WARN_INT_CONVERSION = YES;
				CLANG_WARN_NON_LITERAL_NULL_CONVERSION = YES;
				CLANG_WARN_OBJC_IMPLICIT_RETAIN_SELF = YES;
				CLANG_WARN_OBJC_LITERAL_CONVERSION = YES;
				CLANG_WARN_OBJC_ROOT_CLASS = YES_ERROR;
				CLANG_WARN_QUOTED_INCLUDE_IN_FRAMEWORK_HEADER = YES;
				CLANG_WARN_RANGE_LOOP_ANALYSIS = YES;
				CLANG_WARN_STRICT_PROTOTYPES = YES;
				CLANG_WARN_SUSPICIOUS_MOVE = YES;
				CLANG_WARN_UNGUARDED_AVAILABILITY = YES_AGGRESSIVE;
				CLANG_WARN_UNREACHABLE_CODE = YES;
				CLANG_WARN__DUPLICATE_METHOD_MATCH = YES;
				COPY_PHASE_STRIP = NO;
				DEBUG_INFORMATION_FORMAT = dwarf;
				ENABLE_STRICT_OBJC_MSGSEND = YES;
				ENABLE_TESTABILITY = YES;
				ENABLE_USER_SCRIPT_SANDBOXING = YES;
				GCC_C_LANGUAGE_STANDARD = gnu17;
				GCC_DYNAMIC_NO_PIC = NO;
				GCC_NO_COMMON_BLOCKS = YES;
				GCC_OPTIMIZATION_LEVEL = 0;
				GCC_PREPROCESSOR_DEFINITIONS = (
					"DEBUG=1",
					"$(inherited)",
				);
				GCC_WARN_64_TO_32_BIT_CONVERSION = YES;
				GCC_WARN_ABOUT_RETURN_TYPE = YES_ERROR;
				GCC_WARN_UNDECLARED_SELECTOR = YES;
				GCC_WARN_UNINITIALIZED_AUTOS = YES_AGGRESSIVE;
				GCC_WARN_UNUSED_FUNCTION = YES;
				GCC_WARN_UNUSED_VARIABLE = YES;
				LOCALIZATION_PREFERS_STRING_CATALOGS = YES;
				MTL_ENABLE_DEBUG_INFO = INCLUDE_SOURCE;
				MTL_FAST_MATH = YES;
				ONLY_ACTIVE_ARCH = YES;
				SDKROOT = xros;
				SWIFT_ACTIVE_COMPILATION_CONDITIONS = "DEBUG $(inherited)";
				SWIFT_OPTIMIZATION_LEVEL = "-Onone";
			};
			name = Debug;
		};
		61E3FD992AE5CB0300032652 /* Release */ = {
			isa = XCBuildConfiguration;
			buildSettings = {
				ALWAYS_SEARCH_USER_PATHS = NO;
				ASSETCATALOG_COMPILER_GENERATE_SWIFT_ASSET_SYMBOL_EXTENSIONS = YES;
				CLANG_ANALYZER_NONNULL = YES;
				CLANG_ANALYZER_NUMBER_OBJECT_CONVERSION = YES_AGGRESSIVE;
				CLANG_CXX_LANGUAGE_STANDARD = "gnu++20";
				CLANG_ENABLE_MODULES = YES;
				CLANG_ENABLE_OBJC_ARC = YES;
				CLANG_ENABLE_OBJC_WEAK = YES;
				CLANG_WARN_BLOCK_CAPTURE_AUTORELEASING = YES;
				CLANG_WARN_BOOL_CONVERSION = YES;
				CLANG_WARN_COMMA = YES;
				CLANG_WARN_CONSTANT_CONVERSION = YES;
				CLANG_WARN_DEPRECATED_OBJC_IMPLEMENTATIONS = YES;
				CLANG_WARN_DIRECT_OBJC_ISA_USAGE = YES_ERROR;
				CLANG_WARN_DOCUMENTATION_COMMENTS = YES;
				CLANG_WARN_EMPTY_BODY = YES;
				CLANG_WARN_ENUM_CONVERSION = YES;
				CLANG_WARN_INFINITE_RECURSION = YES;
				CLANG_WARN_INT_CONVERSION = YES;
				CLANG_WARN_NON_LITERAL_NULL_CONVERSION = YES;
				CLANG_WARN_OBJC_IMPLICIT_RETAIN_SELF = YES;
				CLANG_WARN_OBJC_LITERAL_CONVERSION = YES;
				CLANG_WARN_OBJC_ROOT_CLASS = YES_ERROR;
				CLANG_WARN_QUOTED_INCLUDE_IN_FRAMEWORK_HEADER = YES;
				CLANG_WARN_RANGE_LOOP_ANALYSIS = YES;
				CLANG_WARN_STRICT_PROTOTYPES = YES;
				CLANG_WARN_SUSPICIOUS_MOVE = YES;
				CLANG_WARN_UNGUARDED_AVAILABILITY = YES_AGGRESSIVE;
				CLANG_WARN_UNREACHABLE_CODE = YES;
				CLANG_WARN__DUPLICATE_METHOD_MATCH = YES;
				COPY_PHASE_STRIP = NO;
				DEBUG_INFORMATION_FORMAT = "dwarf-with-dsym";
				ENABLE_NS_ASSERTIONS = NO;
				ENABLE_STRICT_OBJC_MSGSEND = YES;
				ENABLE_USER_SCRIPT_SANDBOXING = YES;
				GCC_C_LANGUAGE_STANDARD = gnu17;
				GCC_NO_COMMON_BLOCKS = YES;
				GCC_WARN_64_TO_32_BIT_CONVERSION = YES;
				GCC_WARN_ABOUT_RETURN_TYPE = YES_ERROR;
				GCC_WARN_UNDECLARED_SELECTOR = YES;
				GCC_WARN_UNINITIALIZED_AUTOS = YES_AGGRESSIVE;
				GCC_WARN_UNUSED_FUNCTION = YES;
				GCC_WARN_UNUSED_VARIABLE = YES;
				LOCALIZATION_PREFERS_STRING_CATALOGS = YES;
				MTL_ENABLE_DEBUG_INFO = NO;
				MTL_FAST_MATH = YES;
				SDKROOT = xros;
				SWIFT_COMPILATION_MODE = wholemodule;
				VALIDATE_PRODUCT = YES;
			};
			name = Release;
		};
/* End XCBuildConfiguration section */

/* Begin XCConfigurationList section */
		617E50C12B314BE300F99766 /* Build configuration list for PBXNativeTarget "MetalSplatter SampleApp" */ = {
			isa = XCConfigurationList;
			buildConfigurations = (
				617E50C22B314BE300F99766 /* Debug */,
				617E50C32B314BE300F99766 /* Release */,
			);
			defaultConfigurationIsVisible = 0;
			defaultConfigurationName = Release;
		};
		61E3FD7D2AE5CB0200032652 /* Build configuration list for PBXProject "MetalSplatter_SampleApp" */ = {
			isa = XCConfigurationList;
			buildConfigurations = (
				61E3FD982AE5CB0300032652 /* Debug */,
				61E3FD992AE5CB0300032652 /* Release */,
			);
			defaultConfigurationIsVisible = 0;
			defaultConfigurationName = Release;
		};
/* End XCConfigurationList section */

/* Begin XCLocalSwiftPackageReference section */
		61791DFE2B415D3F00302B57 /* XCLocalSwiftPackageReference ".." */ = {
			isa = XCLocalSwiftPackageReference;
			relativePath = ..;
		};
/* End XCLocalSwiftPackageReference section */

/* Begin XCRemoteSwiftPackageReference section */
		2D6AD3582BD20D54007191CB /* XCRemoteSwiftPackageReference "GoogleSignIn-iOS" */ = {
			isa = XCRemoteSwiftPackageReference;
			repositoryURL = "https://github.com/google/GoogleSignIn-iOS";
			requirement = {
				kind = upToNextMajorVersion;
				minimumVersion = 7.1.0;
			};
		};
/* End XCRemoteSwiftPackageReference section */

/* Begin XCSwiftPackageProductDependency section */
		2D6AD3592BD20D54007191CB /* GoogleSignIn */ = {
			isa = XCSwiftPackageProductDependency;
			package = 2D6AD3582BD20D54007191CB /* XCRemoteSwiftPackageReference "GoogleSignIn-iOS" */;
			productName = GoogleSignIn;
		};
		2D6AD35B2BD20D54007191CB /* GoogleSignInSwift */ = {
			isa = XCSwiftPackageProductDependency;
			package = 2D6AD3582BD20D54007191CB /* XCRemoteSwiftPackageReference "GoogleSignIn-iOS" */;
			productName = GoogleSignInSwift;
		};
		61791DFF2B415D3F00302B57 /* MetalSplatter */ = {
			isa = XCSwiftPackageProductDependency;
			productName = MetalSplatter;
		};
		61791E012B415D3F00302B57 /* SampleBoxRenderer */ = {
			isa = XCSwiftPackageProductDependency;
			productName = SampleBoxRenderer;
		};
		617E50C82B314C4800F99766 /* PLYIO */ = {
			isa = XCSwiftPackageProductDependency;
			productName = PLYIO;
		};
		617E50CA2B314C4800F99766 /* SplatIO */ = {
			isa = XCSwiftPackageProductDependency;
			productName = SplatIO;
		};
/* End XCSwiftPackageProductDependency section */
	};
	rootObject = 61E3FD7A2AE5CB0200032652 /* Project object */;
}
